
Microsoft Visual Studio Solution File, Format Version 12.00
# Visual Studio Version 16
VisualStudioVersion = 16.0.30717.126
MinimumVisualStudioVersion = 10.0.40219.1
Project("{FAE04EC0-301F-11D3-BF4B-00C04F79EFBC}") = "CompanyEmployees", "CompanyEmployees\CompanyEmployees.csproj", "{ACD09134-D0B6-4588-BFD7-6A59A01817C8}"
EndProject
Project("{FAE04EC0-301F-11D3-BF4B-00C04F79EFBC}") = "Contracts", "Contracts\Contracts.csproj", "{9E4E7DDD-9DFB-426B-A658-4216BD45D34A}"
EndProject
Project("{FAE04EC0-301F-11D3-BF4B-00C04F79EFBC}") = "LoggerServices", "LoggerServices\LoggerServices.csproj", "{F48720E7-EA96-4C89-B3BD-462CDEFB6B65}"
EndProject
Project("{FAE04EC0-301F-11D3-BF4B-00C04F79EFBC}") = "Entities", "Entities\Entities.csproj", "{E8338453-182B-4231-9FA1-3E832E6978FB}"
EndProject
Global
	GlobalSection(SolutionConfigurationPlatforms) = preSolution
		Debug|Any CPU = Debug|Any CPU
		Release|Any CPU = Release|Any CPU
	EndGlobalSection
	GlobalSection(ProjectConfigurationPlatforms) = postSolution
		{ACD09134-D0B6-4588-BFD7-6A59A01817C8}.Debug|Any CPU.ActiveCfg = Debug|Any CPU
		{ACD09134-D0B6-4588-BFD7-6A59A01817C8}.Debug|Any CPU.Build.0 = Debug|Any CPU
		{ACD09134-D0B6-4588-BFD7-6A59A01817C8}.Release|Any CPU.ActiveCfg = Release|Any CPU
		{ACD09134-D0B6-4588-BFD7-6A59A01817C8}.Release|Any CPU.Build.0 = Release|Any CPU
		{9E4E7DDD-9DFB-426B-A658-4216BD45D34A}.Debug|Any CPU.ActiveCfg = Debug|Any CPU
		{9E4E7DDD-9DFB-426B-A658-4216BD45D34A}.Debug|Any CPU.Build.0 = Debug|Any CPU
		{9E4E7DDD-9DFB-426B-A658-4216BD45D34A}.Release|Any CPU.ActiveCfg = Release|Any CPU
		{9E4E7DDD-9DFB-426B-A658-4216BD45D34A}.Release|Any CPU.Build.0 = Release|Any CPU
		{F48720E7-EA96-4C89-B3BD-462CDEFB6B65}.Debug|Any CPU.ActiveCfg = Debug|Any CPU
		{F48720E7-EA96-4C89-B3BD-462CDEFB6B65}.Debug|Any CPU.Build.0 = Debug|Any CPU
		{F48720E7-EA96-4C89-B3BD-462CDEFB6B65}.Release|Any CPU.ActiveCfg = Release|Any CPU
		{F48720E7-EA96-4C89-B3BD-462CDEFB6B65}.Release|Any CPU.Build.0 = Release|Any CPU
		{E8338453-182B-4231-9FA1-3E832E6978FB}.Debug|Any CPU.ActiveCfg = Debug|Any CPU
		{E8338453-182B-4231-9FA1-3E832E6978FB}.Debug|Any CPU.Build.0 = Debug|Any CPU
		{E8338453-182B-4231-9FA1-3E832E6978FB}.Release|Any CPU.ActiveCfg = Release|Any CPU
		{E8338453-182B-4231-9FA1-3E832E6978FB}.Release|Any CPU.Build.0 = Release|Any CPU
	EndGlobalSection
	GlobalSection(SolutionProperties) = preSolution
		HideSolutionNode = FALSE
	EndGlobalSection
	GlobalSection(ExtensibilityGlobals) = postSolution
		SolutionGuid = {07732BCA-2B2A-4C34-8C5C-3E88F9AF0626}
	EndGlobalSection
EndGlobal
